<Solution>
  <Folder Name="/src/">
    <Project Path="src/BackgroundJobs.Sample.Web/BackgroundJobs.Sample.Web.csproj" />
    <Project Path="src/BackgroundJobs.Storage.PostgreSQL/BackgroundJobs.Storage.PostgreSQL.csproj" />
    <Project Path="src/BackgroundJobs/BackgroundJobs.csproj" />
  </Folder>
  <Folder Name="/tests/">
    <Project Path="tests/BackgroundJobs.Tests/BackgroundJobs.Tests.csproj" />
  </Folder>
</Solution>
